<?xml version="1.0" encoding="utf-8"?>
<Project ToolsVersion="4.0" xmlns="http://schemas.microsoft.com/developer/msbuild/2003">
  <ItemGroup>
    <Filter Include="Source Files">
      <UniqueIdentifier>{4FC737F1-C7A5-4376-A066-2A32D752A2FF}</UniqueIdentifier>
      <Extensions>cpp;c;cc;cxx;def;odl;idl;hpj;bat;asm;asmx</Extensions>
    </Filter>
    <Filter Include="Header Files">
      <UniqueIdentifier>{93995380-89BD-4b04-88EB-625FBE52EBFB}</UniqueIdentifier>
      <Extensions>h;hh;hpp;hxx;hm;inl;inc;xsd</Extensions>
    </Filter>
    <Filter Include="Resource Files">
      <UniqueIdentifier>{67DA6AB6-F800-4c08-8B7A-83BB121AAD01}</UniqueIdentifier>
      <Extensions>rc;ico;cur;bmp;dlg;rc2;rct;bin;rgs;gif;jpg;jpeg;jpe;resx;tiff;tif;png;wav;mfcribbon-ms</Extensions>
    </Filter>
  </ItemGroup>
  <ItemGroup>
    <Text Include="ReadMe.txt" />
  </ItemGroup>
  <ItemGroup>
    <ClInclude Include="Student.h">
      <Filter>Header Files</Filter>
    </ClInclude>
    <ClInclude Include="stdafx.h">
      <Filter>Header Files</Filter>
    </ClInclude>
    <ClInclude Include="targetver.h">
      <Filter>Header Files</Filter>
    </ClInclude>
    <ClInclude Include="Resource.h">
      <Filter>Header Files</Filter>
    </ClInclude>
    <ClInclude Include="StudentManagement.h">
      <Filter>Header Files</Filter>
    </ClInclude>
    <ClInclude Include="StudentClass.h">
      <Filter>Header Files</Filter>
    </ClInclude>
    <ClInclude Include="CourseClass.h">
      <Filter>Header Files</Filter>
    </ClInclude>
    <ClInclude Include="SelectionClass.h">
      <Filter>Header Files</Filter>
    </ClInclude>
    <ClInclude Include="mainControl.h">
      <Filter>Header Files</Filter>
    </ClInclude>
    <ClInclude Include="Public.h">
      <Filter>Header Files</Filter>
    </ClInclude>
    <ClInclude Include="StudentDlg.h">
      <Filter>Header Files</Filter>
    </ClInclude>
    <ClInclude Include="AddStudent.h">
      <Filter>Header Files</Filter>
    </ClInclude>
    <ClInclude Include="DeleteStudent.h">
      <Filter>Header Files</Filter>
    </ClInclude>
    <ClInclude Include="StudentSave.h">
      <Filter>Header Files</Filter>
    </ClInclude>
    <ClInclude Include="CourseManagement.h">
      <Filter>Header Files</Filter>
    </ClInclude>
    <ClInclude Include="AddCourse.h">
      <Filter>Header Files</Filter>
    </ClInclude>
    <ClInclude Include="DeleteCourse.h">
      <Filter>Header Files</Filter>
    </ClInclude>
    <ClInclude Include="CourseSave.h">
      <Filter>Header Files</Filter>
    </ClInclude>
    <ClInclude Include="SelectionManagement.h">
      <Filter>Header Files</Filter>
    </ClInclude>
    <ClInclude Include="SetSelection.h">
      <Filter>Header Files</Filter>
    </ClInclude>
    <ClInclude Include="CancelSelection.h">
      <Filter>Header Files</Filter>
    </ClInclude>
    <ClInclude Include="QueryStudent.h">
      <Filter>Header Files</Filter>
    </ClInclude>
    <ClInclude Include="QuerryCourse.h">
      <Filter>Header Files</Filter>
    </ClInclude>
  </ItemGroup>
  <ItemGroup>
    <ClCompile Include="Student.cpp">
      <Filter>Source Files</Filter>
    </ClCompile>
    <ClCompile Include="stdafx.cpp">
      <Filter>Source Files</Filter>
    </ClCompile>
    <ClCompile Include="StudentManagement.cpp">
      <Filter>Source Files</Filter>
    </ClCompile>
    <ClCompile Include="StudentClass.cpp">
      <Filter>Source Files</Filter>
    </ClCompile>
    <ClCompile Include="SelectionClass.cpp">
      <Filter>Source Files</Filter>
    </ClCompile>
    <ClCompile Include="mainControl.cpp">
      <Filter>Source Files</Filter>
    </ClCompile>
    <ClCompile Include="Public.cpp">
      <Filter>Source Files</Filter>
    </ClCompile>
    <ClCompile Include="CourseClass.cpp">
      <Filter>Source Files</Filter>
    </ClCompile>
    <ClCompile Include="StudentDlg.cpp">
      <Filter>Source Files</Filter>
    </ClCompile>
    <ClCompile Include="AddStudent.cpp">
      <Filter>Source Files</Filter>
    </ClCompile>
    <ClCompile Include="DeleteStudent.cpp">
      <Filter>Source Files</Filter>
    </ClCompile>
    <ClCompile Include="StudentSave.cpp">
      <Filter>Source Files</Filter>
    </ClCompile>
    <ClCompile Include="CourseManagement.cpp">
      <Filter>Source Files</Filter>
    </ClCompile>
    <ClCompile Include="AddCourse.cpp">
      <Filter>Source Files</Filter>
    </ClCompile>
    <ClCompile Include="DeleteCourse.cpp">
      <Filter>Source Files</Filter>
    </ClCompile>
    <ClCompile Include="CourseSave.cpp">
      <Filter>Source Files</Filter>
    </ClCompile>
    <ClCompile Include="SelectionManagement.cpp">
      <Filter>Source Files</Filter>
    </ClCompile>
    <ClCompile Include="SetSelection.cpp">
      <Filter>Source Files</Filter>
    </ClCompile>
    <ClCompile Include="CancelSelection.cpp">
      <Filter>Source Files</Filter>
    </ClCompile>
    <ClCompile Include="QueryStudent.cpp">
      <Filter>Source Files</Filter>
    </ClCompile>
    <ClCompile Include="QuerryCourse.cpp">
      <Filter>Source Files</Filter>
    </ClCompile>
  </ItemGroup>
  <ItemGroup>
    <ResourceCompile Include="Student.rc">
      <Filter>Resource Files</Filter>
    </ResourceCompile>
  </ItemGroup>
  <ItemGroup>
    <None Include="res\Student.rc2">
      <Filter>Resource Files</Filter>
    </None>
  </ItemGroup>
  <ItemGroup>
    <Image Include="res\Student.ico">
      <Filter>Resource Files</Filter>
    </Image>
  </ItemGroup>
</Project>